Microsoft Visual Studio Solution File, Format Version 12.00
# Visual Studio Version 17
VisualStudioVersion = 17.5.2.0
MinimumVisualStudioVersion = 10.0.40219.1
Project("{FAE04EC0-301F-11D3-BF4B-00C04F79EFBC}") = "VeloUploader", "VeloUploader.csproj", "{49A18B3A-AB94-A496-E098-E36AD28AC645}"
EndProject
Global
	GlobalSection(SolutionConfigurationPlatforms) = preSolution
		Debug|Any CPU = Debug|Any CPU
		Release|Any CPU = Release|Any CPU
	EndGlobalSection
	GlobalSection(ProjectConfigurationPlatforms) = postSolution
		{49A18B3A-AB94-A496-E098-E36AD28AC645}.Debug|Any CPU.ActiveCfg = Debug|Any CPU
		{49A18B3A-AB94-A496-E098-E36AD28AC645}.Debug|Any CPU.Build.0 = Debug|Any CPU
		{49A18B3A-AB94-A496-E098-E36AD28AC645}.Release|Any CPU.ActiveCfg = Release|Any CPU
		{49A18B3A-AB94-A496-E098-E36AD28AC645}.Release|Any CPU.Build.0 = Release|Any CPU
	EndGlobalSection
	GlobalSection(SolutionProperties) = preSolution
		HideSolutionNode = FALSE
	EndGlobalSection
	GlobalSection(ExtensibilityGlobals) = postSolution
		SolutionGuid = {2C4507EE-6684-4683-BCF3-6E532CBA8416}
	EndGlobalSection
EndGlobal
